
Microsoft Visual Studio Solution File, Format Version 12.00
# Visual Studio Version 16
VisualStudioVersion = 16.0.28606.126
MinimumVisualStudioVersion = 10.0.40219.1
Project("{8BC9CEB8-8B4A-11D0-8D11-00A0C91BC942}") = "Lecture1", "Lecture1\Lecture1.vcxproj", "{ADE60BAE-1F49-4AA7-BDFC-B2A629478CA8}"
EndProject
Project("{8BC9CEB8-8B4A-11D0-8D11-00A0C91BC942}") = "Lecture2", "Lecture2\Lecture2.vcxproj", "{136489A3-93F5-41E3-A70D-126C355655DE}"
EndProject
Global
	GlobalSection(SolutionConfigurationPlatforms) = preSolution
		Debug|x64 = Debug|x64
		Debug|x86 = Debug|x86
		Release|x64 = Release|x64
		Release|x86 = Release|x86
	EndGlobalSection
	GlobalSection(ProjectConfigurationPlatforms) = postSolution
		{ADE60BAE-1F49-4AA7-BDFC-B2A629478CA8}.Debug|x64.ActiveCfg = Debug|x64
		{ADE60BAE-1F49-4AA7-BDFC-B2A629478CA8}.Debug|x64.Build.0 = Debug|x64
		{ADE60BAE-1F49-4AA7-BDFC-B2A629478CA8}.Debug|x86.ActiveCfg = Debug|Win32
		{ADE60BAE-1F49-4AA7-BDFC-B2A629478CA8}.Debug|x86.Build.0 = Debug|Win32
		{ADE60BAE-1F49-4AA7-BDFC-B2A629478CA8}.Release|x64.ActiveCfg = Release|x64
		{ADE60BAE-1F49-4AA7-BDFC-B2A629478CA8}.Release|x64.Build.0 = Release|x64
		{ADE60BAE-1F49-4AA7-BDFC-B2A629478CA8}.Release|x86.ActiveCfg = Release|Win32
		{ADE60BAE-1F49-4AA7-BDFC-B2A629478CA8}.Release|x86.Build.0 = Release|Win32
		{136489A3-93F5-41E3-A70D-126C355655DE}.Debug|x64.ActiveCfg = Debug|x64
		{136489A3-93F5-41E3-A70D-126C355655DE}.Debug|x64.Build.0 = Debug|x64
		{136489A3-93F5-41E3-A70D-126C355655DE}.Debug|x86.ActiveCfg = Debug|Win32
		{136489A3-93F5-41E3-A70D-126C355655DE}.Debug|x86.Build.0 = Debug|Win32
		{136489A3-93F5-41E3-A70D-126C355655DE}.Release|x64.ActiveCfg = Release|x64
		{136489A3-93F5-41E3-A70D-126C355655DE}.Release|x64.Build.0 = Release|x64
		{136489A3-93F5-41E3-A70D-126C355655DE}.Release|x86.ActiveCfg = Release|Win32
		{136489A3-93F5-41E3-A70D-126C355655DE}.Release|x86.Build.0 = Release|Win32
	EndGlobalSection
	GlobalSection(SolutionProperties) = preSolution
		HideSolutionNode = FALSE
	EndGlobalSection
	GlobalSection(ExtensibilityGlobals) = postSolution
		SolutionGuid = {10E3DD10-477E-48D5-88F7-EB48E04CD1AD}
	EndGlobalSection
EndGlobal
