
Microsoft Visual Studio Solution File, Format Version 12.00
# Visual Studio Version 16
VisualStudioVersion = 16.0.29409.12
MinimumVisualStudioVersion = 10.0.40219.1
Project("{8BC9CEB8-8B4A-11D0-8D11-00A0C91BC942}") = "00_Draft1", "00_Draft1\00_Draft1.vcxproj", "{663B0026-1403-433E-8EC8-A5FF8A00CCA3}"
EndProject
Project("{8BC9CEB8-8B4A-11D0-8D11-00A0C91BC942}") = "01_ArrayExample_Sol", "01_ArrayExample\01_ArrayExample.vcxproj", "{4B2871B5-B1EB-4850-AA79-62F5CFD2D82D}"
EndProject
Project("{8BC9CEB8-8B4A-11D0-8D11-00A0C91BC942}") = "01_ArrayExample_Dynamic", "01_ArrayExample_Dynamic\01_ArrayExample_Dynamic.vcxproj", "{0439561C-C1F2-402F-BD38-7DAB60C0701F}"
EndProject
Project("{8BC9CEB8-8B4A-11D0-8D11-00A0C91BC942}") = "00_Draft2", "00_Draft2\00_Draft2.vcxproj", "{672F374A-002F-49BD-A8F0-345B488101D6}"
EndProject
Project("{8BC9CEB8-8B4A-11D0-8D11-00A0C91BC942}") = "02_LinkedList", "02_LinkedList\02_LinkedList.vcxproj", "{1BB478E8-44B1-49AF-9F76-0C96DFF1EA2A}"
EndProject
Project("{8BC9CEB8-8B4A-11D0-8D11-00A0C91BC942}") = "04_LinkedListExample", "04_LinkedListExample\04_LinkedListExample.vcxproj", "{47B7CBC9-401C-41D6-AC9B-11E05D55841C}"
EndProject
Project("{8BC9CEB8-8B4A-11D0-8D11-00A0C91BC942}") = "03_UsingLinkedList", "03_UsingLinkedList\03_UsingLinkedList.vcxproj", "{3F023491-B616-42DE-A31C-DD0ADD4F7281}"
EndProject
Project("{8BC9CEB8-8B4A-11D0-8D11-00A0C91BC942}") = "00_Draft3", "00_Draft3\00_Draft3.vcxproj", "{B00E3F20-6B30-45A2-A9C6-54FF7D15688A}"
EndProject
Project("{8BC9CEB8-8B4A-11D0-8D11-00A0C91BC942}") = "00_Draft4", "00_Draft4\00_Draft4.vcxproj", "{47B20BB3-9043-491A-94C9-6BAA752228B8}"
EndProject
Project("{8BC9CEB8-8B4A-11D0-8D11-00A0C91BC942}") = "00_Draft5", "00_Draft5\00_Draft5.vcxproj", "{2F552172-0CB0-4679-A4CF-BC10C2DF72FD}"
EndProject
Project("{8BC9CEB8-8B4A-11D0-8D11-00A0C91BC942}") = "06_Interface", "06_Interface\06_Interface.vcxproj", "{A638BE37-42C8-4C3E-B1FE-290686737517}"
EndProject
Project("{8BC9CEB8-8B4A-11D0-8D11-00A0C91BC942}") = "07_Reuse", "07_Reuse\07_Reuse.vcxproj", "{D27E60C4-5890-47BF-8243-CF053A2CBFB6}"
EndProject
Project("{8BC9CEB8-8B4A-11D0-8D11-00A0C91BC942}") = "08_Stack", "08_Stack\08_Stack.vcxproj", "{07D425A7-4806-407B-9A7D-7497A17A9F77}"
EndProject
Project("{8BC9CEB8-8B4A-11D0-8D11-00A0C91BC942}") = "09_FloodFill", "09_FloodFill\09_FloodFill.vcxproj", "{BACCEA4A-52F4-4D41-A3B4-5E46886EB618}"
EndProject
Project("{8BC9CEB8-8B4A-11D0-8D11-00A0C91BC942}") = "11_ArrayQueue", "11_ArrayQueue\11_ArrayQueue.vcxproj", "{9B7E6240-C170-44EA-B643-600D5D350E9B}"
EndProject
Project("{8BC9CEB8-8B4A-11D0-8D11-00A0C91BC942}") = "12_LinkedQueue", "12_LinkedQueue\12_LinkedQueue.vcxproj", "{5B8F25A3-7A40-4AFB-918A-95F9BE1E7185}"
EndProject
Project("{8BC9CEB8-8B4A-11D0-8D11-00A0C91BC942}") = "13_SimulationExample", "13_SimulationExample\13_SimulationExample.vcxproj", "{920A78EF-F36D-4012-BB38-B401B5C7A3BF}"
EndProject
Project("{8BC9CEB8-8B4A-11D0-8D11-00A0C91BC942}") = "14_BinarySearch", "14_BinarySearch\14_BinarySearch.vcxproj", "{2BDCAA9C-9C02-458B-B7FE-A06B095B84F9}"
EndProject
Project("{8BC9CEB8-8B4A-11D0-8D11-00A0C91BC942}") = "16_ImplementingBST", "16_ImplementingBST\16_ImplementingBST.vcxproj", "{844BBCE8-7EF9-40EA-A105-8205C09E74C4}"
EndProject
Global
	GlobalSection(SolutionConfigurationPlatforms) = preSolution
		Debug|x64 = Debug|x64
		Debug|x86 = Debug|x86
		Release|x64 = Release|x64
		Release|x86 = Release|x86
	EndGlobalSection
	GlobalSection(ProjectConfigurationPlatforms) = postSolution
		{663B0026-1403-433E-8EC8-A5FF8A00CCA3}.Debug|x64.ActiveCfg = Debug|x64
		{663B0026-1403-433E-8EC8-A5FF8A00CCA3}.Debug|x64.Build.0 = Debug|x64
		{663B0026-1403-433E-8EC8-A5FF8A00CCA3}.Debug|x86.ActiveCfg = Debug|Win32
		{663B0026-1403-433E-8EC8-A5FF8A00CCA3}.Debug|x86.Build.0 = Debug|Win32
		{663B0026-1403-433E-8EC8-A5FF8A00CCA3}.Release|x64.ActiveCfg = Release|x64
		{663B0026-1403-433E-8EC8-A5FF8A00CCA3}.Release|x64.Build.0 = Release|x64
		{663B0026-1403-433E-8EC8-A5FF8A00CCA3}.Release|x86.ActiveCfg = Release|Win32
		{663B0026-1403-433E-8EC8-A5FF8A00CCA3}.Release|x86.Build.0 = Release|Win32
		{4B2871B5-B1EB-4850-AA79-62F5CFD2D82D}.Debug|x64.ActiveCfg = Debug|x64
		{4B2871B5-B1EB-4850-AA79-62F5CFD2D82D}.Debug|x64.Build.0 = Debug|x64
		{4B2871B5-B1EB-4850-AA79-62F5CFD2D82D}.Debug|x86.ActiveCfg = Debug|Win32
		{4B2871B5-B1EB-4850-AA79-62F5CFD2D82D}.Debug|x86.Build.0 = Debug|Win32
		{4B2871B5-B1EB-4850-AA79-62F5CFD2D82D}.Release|x64.ActiveCfg = Release|x64
		{4B2871B5-B1EB-4850-AA79-62F5CFD2D82D}.Release|x64.Build.0 = Release|x64
		{4B2871B5-B1EB-4850-AA79-62F5CFD2D82D}.Release|x86.ActiveCfg = Release|Win32
		{4B2871B5-B1EB-4850-AA79-62F5CFD2D82D}.Release|x86.Build.0 = Release|Win32
		{0439561C-C1F2-402F-BD38-7DAB60C0701F}.Debug|x64.ActiveCfg = Debug|x64
		{0439561C-C1F2-402F-BD38-7DAB60C0701F}.Debug|x64.Build.0 = Debug|x64
		{0439561C-C1F2-402F-BD38-7DAB60C0701F}.Debug|x86.ActiveCfg = Debug|Win32
		{0439561C-C1F2-402F-BD38-7DAB60C0701F}.Debug|x86.Build.0 = Debug|Win32
		{0439561C-C1F2-402F-BD38-7DAB60C0701F}.Release|x64.ActiveCfg = Release|x64
		{0439561C-C1F2-402F-BD38-7DAB60C0701F}.Release|x64.Build.0 = Release|x64
		{0439561C-C1F2-402F-BD38-7DAB60C0701F}.Release|x86.ActiveCfg = Release|Win32
		{0439561C-C1F2-402F-BD38-7DAB60C0701F}.Release|x86.Build.0 = Release|Win32
		{672F374A-002F-49BD-A8F0-345B488101D6}.Debug|x64.ActiveCfg = Debug|x64
		{672F374A-002F-49BD-A8F0-345B488101D6}.Debug|x64.Build.0 = Debug|x64
		{672F374A-002F-49BD-A8F0-345B488101D6}.Debug|x86.ActiveCfg = Debug|Win32
		{672F374A-002F-49BD-A8F0-345B488101D6}.Debug|x86.Build.0 = Debug|Win32
		{672F374A-002F-49BD-A8F0-345B488101D6}.Release|x64.ActiveCfg = Release|x64
		{672F374A-002F-49BD-A8F0-345B488101D6}.Release|x64.Build.0 = Release|x64
		{672F374A-002F-49BD-A8F0-345B488101D6}.Release|x86.ActiveCfg = Release|Win32
		{672F374A-002F-49BD-A8F0-345B488101D6}.Release|x86.Build.0 = Release|Win32
		{1BB478E8-44B1-49AF-9F76-0C96DFF1EA2A}.Debug|x64.ActiveCfg = Debug|x64
		{1BB478E8-44B1-49AF-9F76-0C96DFF1EA2A}.Debug|x64.Build.0 = Debug|x64
		{1BB478E8-44B1-49AF-9F76-0C96DFF1EA2A}.Debug|x86.ActiveCfg = Debug|Win32
		{1BB478E8-44B1-49AF-9F76-0C96DFF1EA2A}.Debug|x86.Build.0 = Debug|Win32
		{1BB478E8-44B1-49AF-9F76-0C96DFF1EA2A}.Release|x64.ActiveCfg = Release|x64
		{1BB478E8-44B1-49AF-9F76-0C96DFF1EA2A}.Release|x64.Build.0 = Release|x64
		{1BB478E8-44B1-49AF-9F76-0C96DFF1EA2A}.Release|x86.ActiveCfg = Release|Win32
		{1BB478E8-44B1-49AF-9F76-0C96DFF1EA2A}.Release|x86.Build.0 = Release|Win32
		{47B7CBC9-401C-41D6-AC9B-11E05D55841C}.Debug|x64.ActiveCfg = Debug|x64
		{47B7CBC9-401C-41D6-AC9B-11E05D55841C}.Debug|x64.Build.0 = Debug|x64
		{47B7CBC9-401C-41D6-AC9B-11E05D55841C}.Debug|x86.ActiveCfg = Debug|Win32
		{47B7CBC9-401C-41D6-AC9B-11E05D55841C}.Debug|x86.Build.0 = Debug|Win32
		{47B7CBC9-401C-41D6-AC9B-11E05D55841C}.Release|x64.ActiveCfg = Release|x64
		{47B7CBC9-401C-41D6-AC9B-11E05D55841C}.Release|x64.Build.0 = Release|x64
		{47B7CBC9-401C-41D6-AC9B-11E05D55841C}.Release|x86.ActiveCfg = Release|Win32
		{47B7CBC9-401C-41D6-AC9B-11E05D55841C}.Release|x86.Build.0 = Release|Win32
		{3F023491-B616-42DE-A31C-DD0ADD4F7281}.Debug|x64.ActiveCfg = Debug|x64
		{3F023491-B616-42DE-A31C-DD0ADD4F7281}.Debug|x64.Build.0 = Debug|x64
		{3F023491-B616-42DE-A31C-DD0ADD4F7281}.Debug|x86.ActiveCfg = Debug|Win32
		{3F023491-B616-42DE-A31C-DD0ADD4F7281}.Debug|x86.Build.0 = Debug|Win32
		{3F023491-B616-42DE-A31C-DD0ADD4F7281}.Release|x64.ActiveCfg = Release|x64
		{3F023491-B616-42DE-A31C-DD0ADD4F7281}.Release|x64.Build.0 = Release|x64
		{3F023491-B616-42DE-A31C-DD0ADD4F7281}.Release|x86.ActiveCfg = Release|Win32
		{3F023491-B616-42DE-A31C-DD0ADD4F7281}.Release|x86.Build.0 = Release|Win32
		{B00E3F20-6B30-45A2-A9C6-54FF7D15688A}.Debug|x64.ActiveCfg = Debug|x64
		{B00E3F20-6B30-45A2-A9C6-54FF7D15688A}.Debug|x64.Build.0 = Debug|x64
		{B00E3F20-6B30-45A2-A9C6-54FF7D15688A}.Debug|x86.ActiveCfg = Debug|Win32
		{B00E3F20-6B30-45A2-A9C6-54FF7D15688A}.Debug|x86.Build.0 = Debug|Win32
		{B00E3F20-6B30-45A2-A9C6-54FF7D15688A}.Release|x64.ActiveCfg = Release|x64
		{B00E3F20-6B30-45A2-A9C6-54FF7D15688A}.Release|x64.Build.0 = Release|x64
		{B00E3F20-6B30-45A2-A9C6-54FF7D15688A}.Release|x86.ActiveCfg = Release|Win32
		{B00E3F20-6B30-45A2-A9C6-54FF7D15688A}.Release|x86.Build.0 = Release|Win32
		{47B20BB3-9043-491A-94C9-6BAA752228B8}.Debug|x64.ActiveCfg = Debug|x64
		{47B20BB3-9043-491A-94C9-6BAA752228B8}.Debug|x64.Build.0 = Debug|x64
		{47B20BB3-9043-491A-94C9-6BAA752228B8}.Debug|x86.ActiveCfg = Debug|Win32
		{47B20BB3-9043-491A-94C9-6BAA752228B8}.Debug|x86.Build.0 = Debug|Win32
		{47B20BB3-9043-491A-94C9-6BAA752228B8}.Release|x64.ActiveCfg = Release|x64
		{47B20BB3-9043-491A-94C9-6BAA752228B8}.Release|x64.Build.0 = Release|x64
		{47B20BB3-9043-491A-94C9-6BAA752228B8}.Release|x86.ActiveCfg = Release|Win32
		{47B20BB3-9043-491A-94C9-6BAA752228B8}.Release|x86.Build.0 = Release|Win32
		{2F552172-0CB0-4679-A4CF-BC10C2DF72FD}.Debug|x64.ActiveCfg = Debug|x64
		{2F552172-0CB0-4679-A4CF-BC10C2DF72FD}.Debug|x64.Build.0 = Debug|x64
		{2F552172-0CB0-4679-A4CF-BC10C2DF72FD}.Debug|x86.ActiveCfg = Debug|Win32
		{2F552172-0CB0-4679-A4CF-BC10C2DF72FD}.Debug|x86.Build.0 = Debug|Win32
		{2F552172-0CB0-4679-A4CF-BC10C2DF72FD}.Release|x64.ActiveCfg = Release|x64
		{2F552172-0CB0-4679-A4CF-BC10C2DF72FD}.Release|x64.Build.0 = Release|x64
		{2F552172-0CB0-4679-A4CF-BC10C2DF72FD}.Release|x86.ActiveCfg = Release|Win32
		{2F552172-0CB0-4679-A4CF-BC10C2DF72FD}.Release|x86.Build.0 = Release|Win32
		{A638BE37-42C8-4C3E-B1FE-290686737517}.Debug|x64.ActiveCfg = Debug|x64
		{A638BE37-42C8-4C3E-B1FE-290686737517}.Debug|x64.Build.0 = Debug|x64
		{A638BE37-42C8-4C3E-B1FE-290686737517}.Debug|x86.ActiveCfg = Debug|Win32
		{A638BE37-42C8-4C3E-B1FE-290686737517}.Debug|x86.Build.0 = Debug|Win32
		{A638BE37-42C8-4C3E-B1FE-290686737517}.Release|x64.ActiveCfg = Release|x64
		{A638BE37-42C8-4C3E-B1FE-290686737517}.Release|x64.Build.0 = Release|x64
		{A638BE37-42C8-4C3E-B1FE-290686737517}.Release|x86.ActiveCfg = Release|Win32
		{A638BE37-42C8-4C3E-B1FE-290686737517}.Release|x86.Build.0 = Release|Win32
		{D27E60C4-5890-47BF-8243-CF053A2CBFB6}.Debug|x64.ActiveCfg = Debug|x64
		{D27E60C4-5890-47BF-8243-CF053A2CBFB6}.Debug|x64.Build.0 = Debug|x64
		{D27E60C4-5890-47BF-8243-CF053A2CBFB6}.Debug|x86.ActiveCfg = Debug|Win32
		{D27E60C4-5890-47BF-8243-CF053A2CBFB6}.Debug|x86.Build.0 = Debug|Win32
		{D27E60C4-5890-47BF-8243-CF053A2CBFB6}.Release|x64.ActiveCfg = Release|x64
		{D27E60C4-5890-47BF-8243-CF053A2CBFB6}.Release|x64.Build.0 = Release|x64
		{D27E60C4-5890-47BF-8243-CF053A2CBFB6}.Release|x86.ActiveCfg = Release|Win32
		{D27E60C4-5890-47BF-8243-CF053A2CBFB6}.Release|x86.Build.0 = Release|Win32
		{07D425A7-4806-407B-9A7D-7497A17A9F77}.Debug|x64.ActiveCfg = Debug|x64
		{07D425A7-4806-407B-9A7D-7497A17A9F77}.Debug|x64.Build.0 = Debug|x64
		{07D425A7-4806-407B-9A7D-7497A17A9F77}.Debug|x86.ActiveCfg = Debug|Win32
		{07D425A7-4806-407B-9A7D-7497A17A9F77}.Debug|x86.Build.0 = Debug|Win32
		{07D425A7-4806-407B-9A7D-7497A17A9F77}.Release|x64.ActiveCfg = Release|x64
		{07D425A7-4806-407B-9A7D-7497A17A9F77}.Release|x64.Build.0 = Release|x64
		{07D425A7-4806-407B-9A7D-7497A17A9F77}.Release|x86.ActiveCfg = Release|Win32
		{07D425A7-4806-407B-9A7D-7497A17A9F77}.Release|x86.Build.0 = Release|Win32
		{BACCEA4A-52F4-4D41-A3B4-5E46886EB618}.Debug|x64.ActiveCfg = Debug|x64
		{BACCEA4A-52F4-4D41-A3B4-5E46886EB618}.Debug|x64.Build.0 = Debug|x64
		{BACCEA4A-52F4-4D41-A3B4-5E46886EB618}.Debug|x86.ActiveCfg = Debug|Win32
		{BACCEA4A-52F4-4D41-A3B4-5E46886EB618}.Debug|x86.Build.0 = Debug|Win32
		{BACCEA4A-52F4-4D41-A3B4-5E46886EB618}.Release|x64.ActiveCfg = Release|x64
		{BACCEA4A-52F4-4D41-A3B4-5E46886EB618}.Release|x64.Build.0 = Release|x64
		{BACCEA4A-52F4-4D41-A3B4-5E46886EB618}.Release|x86.ActiveCfg = Release|Win32
		{BACCEA4A-52F4-4D41-A3B4-5E46886EB618}.Release|x86.Build.0 = Release|Win32
		{9B7E6240-C170-44EA-B643-600D5D350E9B}.Debug|x64.ActiveCfg = Debug|x64
		{9B7E6240-C170-44EA-B643-600D5D350E9B}.Debug|x64.Build.0 = Debug|x64
		{9B7E6240-C170-44EA-B643-600D5D350E9B}.Debug|x86.ActiveCfg = Debug|Win32
		{9B7E6240-C170-44EA-B643-600D5D350E9B}.Debug|x86.Build.0 = Debug|Win32
		{9B7E6240-C170-44EA-B643-600D5D350E9B}.Release|x64.ActiveCfg = Release|x64
		{9B7E6240-C170-44EA-B643-600D5D350E9B}.Release|x64.Build.0 = Release|x64
		{9B7E6240-C170-44EA-B643-600D5D350E9B}.Release|x86.ActiveCfg = Release|Win32
		{9B7E6240-C170-44EA-B643-600D5D350E9B}.Release|x86.Build.0 = Release|Win32
		{5B8F25A3-7A40-4AFB-918A-95F9BE1E7185}.Debug|x64.ActiveCfg = Debug|x64
		{5B8F25A3-7A40-4AFB-918A-95F9BE1E7185}.Debug|x64.Build.0 = Debug|x64
		{5B8F25A3-7A40-4AFB-918A-95F9BE1E7185}.Debug|x86.ActiveCfg = Debug|Win32
		{5B8F25A3-7A40-4AFB-918A-95F9BE1E7185}.Debug|x86.Build.0 = Debug|Win32
		{5B8F25A3-7A40-4AFB-918A-95F9BE1E7185}.Release|x64.ActiveCfg = Release|x64
		{5B8F25A3-7A40-4AFB-918A-95F9BE1E7185}.Release|x64.Build.0 = Release|x64
		{5B8F25A3-7A40-4AFB-918A-95F9BE1E7185}.Release|x86.ActiveCfg = Release|Win32
		{5B8F25A3-7A40-4AFB-918A-95F9BE1E7185}.Release|x86.Build.0 = Release|Win32
		{920A78EF-F36D-4012-BB38-B401B5C7A3BF}.Debug|x64.ActiveCfg = Debug|x64
		{920A78EF-F36D-4012-BB38-B401B5C7A3BF}.Debug|x64.Build.0 = Debug|x64
		{920A78EF-F36D-4012-BB38-B401B5C7A3BF}.Debug|x86.ActiveCfg = Debug|Win32
		{920A78EF-F36D-4012-BB38-B401B5C7A3BF}.Debug|x86.Build.0 = Debug|Win32
		{920A78EF-F36D-4012-BB38-B401B5C7A3BF}.Release|x64.ActiveCfg = Release|x64
		{920A78EF-F36D-4012-BB38-B401B5C7A3BF}.Release|x64.Build.0 = Release|x64
		{920A78EF-F36D-4012-BB38-B401B5C7A3BF}.Release|x86.ActiveCfg = Release|Win32
		{920A78EF-F36D-4012-BB38-B401B5C7A3BF}.Release|x86.Build.0 = Release|Win32
		{2BDCAA9C-9C02-458B-B7FE-A06B095B84F9}.Debug|x64.ActiveCfg = Debug|x64
		{2BDCAA9C-9C02-458B-B7FE-A06B095B84F9}.Debug|x64.Build.0 = Debug|x64
		{2BDCAA9C-9C02-458B-B7FE-A06B095B84F9}.Debug|x86.ActiveCfg = Debug|Win32
		{2BDCAA9C-9C02-458B-B7FE-A06B095B84F9}.Debug|x86.Build.0 = Debug|Win32
		{2BDCAA9C-9C02-458B-B7FE-A06B095B84F9}.Release|x64.ActiveCfg = Release|x64
		{2BDCAA9C-9C02-458B-B7FE-A06B095B84F9}.Release|x64.Build.0 = Release|x64
		{2BDCAA9C-9C02-458B-B7FE-A06B095B84F9}.Release|x86.ActiveCfg = Release|Win32
		{2BDCAA9C-9C02-458B-B7FE-A06B095B84F9}.Release|x86.Build.0 = Release|Win32
		{844BBCE8-7EF9-40EA-A105-8205C09E74C4}.Debug|x64.ActiveCfg = Debug|x64
		{844BBCE8-7EF9-40EA-A105-8205C09E74C4}.Debug|x64.Build.0 = Debug|x64
		{844BBCE8-7EF9-40EA-A105-8205C09E74C4}.Debug|x86.ActiveCfg = Debug|Win32
		{844BBCE8-7EF9-40EA-A105-8205C09E74C4}.Debug|x86.Build.0 = Debug|Win32
		{844BBCE8-7EF9-40EA-A105-8205C09E74C4}.Release|x64.ActiveCfg = Release|x64
		{844BBCE8-7EF9-40EA-A105-8205C09E74C4}.Release|x64.Build.0 = Release|x64
		{844BBCE8-7EF9-40EA-A105-8205C09E74C4}.Release|x86.ActiveCfg = Release|Win32
		{844BBCE8-7EF9-40EA-A105-8205C09E74C4}.Release|x86.Build.0 = Release|Win32
	EndGlobalSection
	GlobalSection(SolutionProperties) = preSolution
		HideSolutionNode = FALSE
	EndGlobalSection
	GlobalSection(ExtensibilityGlobals) = postSolution
		SolutionGuid = {762737DF-083C-42EA-8295-51BB73D828C2}
	EndGlobalSection
EndGlobal
